
Microsoft Visual Studio Solution File, Format Version 12.00
# Visual Studio 2012
Project("{FAE04EC0-301F-11D3-BF4B-00C04F79EFBC}") = "Proyecto- Snake", "Proyecto- Snake\Proyecto- Snake.csproj", "{F9915790-B196-49E4-823A-83046E8C6608}"
EndProject
Global
	GlobalSection(SolutionConfigurationPlatforms) = preSolution
		Debug|Any CPU = Debug|Any CPU
		Release|Any CPU = Release|Any CPU
	EndGlobalSection
	GlobalSection(ProjectConfigurationPlatforms) = postSolution
		{F9915790-B196-49E4-823A-83046E8C6608}.Debug|Any CPU.ActiveCfg = Debug|Any CPU
		{F9915790-B196-49E4-823A-83046E8C6608}.Debug|Any CPU.Build.0 = Debug|Any CPU
		{F9915790-B196-49E4-823A-83046E8C6608}.Release|Any CPU.ActiveCfg = Release|Any CPU
		{F9915790-B196-49E4-823A-83046E8C6608}.Release|Any CPU.Build.0 = Release|Any CPU
	EndGlobalSection
	GlobalSection(SolutionProperties) = preSolution
		HideSolutionNode = FALSE
	EndGlobalSection
EndGlobal
